
Microsoft Visual Studio Solution File, Format Version 12.00
# Visual Studio Version 16
VisualStudioVersion = 16.0.31911.196
MinimumVisualStudioVersion = 10.0.40219.1
Project("{FAE04EC0-301F-11D3-BF4B-00C04F79EFBC}") = "mozgva", "mozgva\mozgva.csproj", "{F1593E04-D168-4EC1-AEA5-E8CE65B59AF2}"
EndProject
Global
	GlobalSection(SolutionConfigurationPlatforms) = preSolution
		Debug|Any CPU = Debug|Any CPU
		Release|Any CPU = Release|Any CPU
	EndGlobalSection
	GlobalSection(ProjectConfigurationPlatforms) = postSolution
		{F1593E04-D168-4EC1-AEA5-E8CE65B59AF2}.Debug|Any CPU.ActiveCfg = Debug|Any CPU
		{F1593E04-D168-4EC1-AEA5-E8CE65B59AF2}.Debug|Any CPU.Build.0 = Debug|Any CPU
		{F1593E04-D168-4EC1-AEA5-E8CE65B59AF2}.Release|Any CPU.ActiveCfg = Release|Any CPU
		{F1593E04-D168-4EC1-AEA5-E8CE65B59AF2}.Release|Any CPU.Build.0 = Release|Any CPU
	EndGlobalSection
	GlobalSection(SolutionProperties) = preSolution
		HideSolutionNode = FALSE
	EndGlobalSection
	GlobalSection(ExtensibilityGlobals) = postSolution
		SolutionGuid = {224C4BB9-589B-4A0F-A479-93AAAA749C23}
	EndGlobalSection
EndGlobal
